
Microsoft Visual Studio Solution File, Format Version 12.00
# Visual Studio Version 17
VisualStudioVersion = 17.2.32630.192
MinimumVisualStudioVersion = 10.0.40219.1
Project("{8BC9CEB8-8B4A-11D0-8D11-00A0C91BC942}") = "Server", "Server\Server.vcxproj", "{1DA62E85-9454-46BF-ABE4-21F2224EB0C2}"
EndProject
Project("{8BC9CEB8-8B4A-11D0-8D11-00A0C91BC942}") = "ServerCore", "ServerCore\ServerCore.vcxproj", "{C875BC0E-4571-4E86-B78A-E24306DCDFF8}"
EndProject
Global
	GlobalSection(SolutionConfigurationPlatforms) = preSolution
		Debug|x64 = Debug|x64
		Debug|x86 = Debug|x86
		Release|x64 = Release|x64
		Release|x86 = Release|x86
	EndGlobalSection
	GlobalSection(ProjectConfigurationPlatforms) = postSolution
		{1DA62E85-9454-46BF-ABE4-21F2224EB0C2}.Debug|x64.ActiveCfg = Debug|x64
		{1DA62E85-9454-46BF-ABE4-21F2224EB0C2}.Debug|x64.Build.0 = Debug|x64
		{1DA62E85-9454-46BF-ABE4-21F2224EB0C2}.Debug|x86.ActiveCfg = Debug|Win32
		{1DA62E85-9454-46BF-ABE4-21F2224EB0C2}.Debug|x86.Build.0 = Debug|Win32
		{1DA62E85-9454-46BF-ABE4-21F2224EB0C2}.Release|x64.ActiveCfg = Release|x64
		{1DA62E85-9454-46BF-ABE4-21F2224EB0C2}.Release|x64.Build.0 = Release|x64
		{1DA62E85-9454-46BF-ABE4-21F2224EB0C2}.Release|x86.ActiveCfg = Release|Win32
		{1DA62E85-9454-46BF-ABE4-21F2224EB0C2}.Release|x86.Build.0 = Release|Win32
		{C875BC0E-4571-4E86-B78A-E24306DCDFF8}.Debug|x64.ActiveCfg = Debug|x64
		{C875BC0E-4571-4E86-B78A-E24306DCDFF8}.Debug|x64.Build.0 = Debug|x64
		{C875BC0E-4571-4E86-B78A-E24306DCDFF8}.Debug|x86.ActiveCfg = Debug|Win32
		{C875BC0E-4571-4E86-B78A-E24306DCDFF8}.Debug|x86.Build.0 = Debug|Win32
		{C875BC0E-4571-4E86-B78A-E24306DCDFF8}.Release|x64.ActiveCfg = Release|x64
		{C875BC0E-4571-4E86-B78A-E24306DCDFF8}.Release|x64.Build.0 = Release|x64
		{C875BC0E-4571-4E86-B78A-E24306DCDFF8}.Release|x86.ActiveCfg = Release|Win32
		{C875BC0E-4571-4E86-B78A-E24306DCDFF8}.Release|x86.Build.0 = Release|Win32
	EndGlobalSection
	GlobalSection(SolutionProperties) = preSolution
		HideSolutionNode = FALSE
	EndGlobalSection
	GlobalSection(ExtensibilityGlobals) = postSolution
		SolutionGuid = {504C17EB-AABD-4295-9BB5-4A34670881C4}
	EndGlobalSection
EndGlobal
