<?xml version="1.0" encoding="utf-8"?>
<Project ToolsVersion="4.0" xmlns="http://schemas.microsoft.com/developer/msbuild/2003">
  <ItemGroup>
    <Filter Include="Over_EXP">
      <UniqueIdentifier>{66cd6c37-5487-435b-91f8-5f34c4903a1f}</UniqueIdentifier>
    </Filter>
    <Filter Include="Session">
      <UniqueIdentifier>{07a2c126-e359-4f16-ae63-9047c31e16af}</UniqueIdentifier>
    </Filter>
    <Filter Include="98.Header">
      <UniqueIdentifier>{20b7ee2b-3d53-462b-be56-40ec13a1d4a2}</UniqueIdentifier>
    </Filter>
    <Filter Include="99.Default">
      <UniqueIdentifier>{dc3d8e91-d2fa-4f68-9a58-8bc1bec97145}</UniqueIdentifier>
    </Filter>
    <Filter Include="Sector">
      <UniqueIdentifier>{dcb3e12a-0d6a-4eab-aa0a-cf772a576e1a}</UniqueIdentifier>
    </Filter>
  </ItemGroup>
  <ItemGroup>
    <ClCompile Include="Session.cpp">
      <Filter>Session</Filter>
    </ClCompile>
    <ClCompile Include="SessionManager.cpp">
      <Filter>Session</Filter>
    </ClCompile>
    <ClCompile Include="OVER_EXP.cpp">
      <Filter>Over_EXP</Filter>
    </ClCompile>
    <ClCompile Include="main.cpp" />
    <ClCompile Include="pch.cpp">
      <Filter>99.Default</Filter>
    </ClCompile>
    <ClCompile Include="Sector.cpp">
      <Filter>Sector</Filter>
    </ClCompile>
    <ClCompile Include="SectorManager.cpp">
      <Filter>Sector</Filter>
    </ClCompile>
  </ItemGroup>
  <ItemGroup>
    <ClInclude Include="Session.h">
      <Filter>Session</Filter>
    </ClInclude>
    <ClInclude Include="SessionManager.h">
      <Filter>Session</Filter>
    </ClInclude>
    <ClInclude Include="OVER_EXP.h">
      <Filter>Over_EXP</Filter>
    </ClInclude>
    <ClInclude Include="pch.h">
      <Filter>99.Default</Filter>
    </ClInclude>
    <ClInclude Include="Enum.h">
      <Filter>98.Header</Filter>
    </ClInclude>
    <ClInclude Include="Include.h">
      <Filter>98.Header</Filter>
    </ClInclude>
    <ClInclude Include="protocol.h">
      <Filter>98.Header</Filter>
    </ClInclude>
    <ClInclude Include="Struct.h">
      <Filter>98.Header</Filter>
    </ClInclude>
    <ClInclude Include="Sector.h">
      <Filter>Sector</Filter>
    </ClInclude>
    <ClInclude Include="SectorManager.h">
      <Filter>Sector</Filter>
    </ClInclude>
  </ItemGroup>
</Project>